
Microsoft Visual Studio Solution File, Format Version 12.00
Project("{FAE04EC0-301F-11D3-BF4B-00C04F79EFBC}") = "WebAppMVC", "WebAppMVC\WebAppMVC.csproj", "{09175C71-8425-42FE-BCD8-8BF8A08BADF2}"
EndProject
Global
	GlobalSection(SolutionConfigurationPlatforms) = preSolution
		Debug|Any CPU = Debug|Any CPU
		Release|Any CPU = Release|Any CPU
	EndGlobalSection
	GlobalSection(ProjectConfigurationPlatforms) = postSolution
		{09175C71-8425-42FE-BCD8-8BF8A08BADF2}.Debug|Any CPU.ActiveCfg = Debug|Any CPU
		{09175C71-8425-42FE-BCD8-8BF8A08BADF2}.Debug|Any CPU.Build.0 = Debug|Any CPU
		{09175C71-8425-42FE-BCD8-8BF8A08BADF2}.Release|Any CPU.ActiveCfg = Release|Any CPU
		{09175C71-8425-42FE-BCD8-8BF8A08BADF2}.Release|Any CPU.Build.0 = Release|Any CPU
	EndGlobalSection
EndGlobal
